Microsoft Visual Studio Solution File, Format Version 12.00
# Visual Studio Version 17
VisualStudioVersion = 17.0.31903.59
MinimumVisualStudioVersion = 10.0.40219.1
Project("{9092AA53-FB77-4645-B42D-1CCCA6BD08BD}") = "Trading.App.Vue", "Trading.App.Vue\Trading.App.Vue.njsproj", "{76D61570-2DB2-4C85-8254-7E7CFAD2E8B5}"
EndProject
Global
	GlobalSection(SolutionConfigurationPlatforms) = preSolution
		Debug|Any CPU = Debug|Any CPU
		Release|Any CPU = Release|Any CPU
	EndGlobalSection
	GlobalSection(ProjectConfigurationPlatforms) = postSolution
		{76D61570-2DB2-4C85-8254-7E7CFAD2E8B5}.Debug|Any CPU.ActiveCfg = Debug|Any CPU
		{76D61570-2DB2-4C85-8254-7E7CFAD2E8B5}.Debug|Any CPU.Build.0 = Debug|Any CPU
		{76D61570-2DB2-4C85-8254-7E7CFAD2E8B5}.Release|Any CPU.ActiveCfg = Release|Any CPU
		{76D61570-2DB2-4C85-8254-7E7CFAD2E8B5}.Release|Any CPU.Build.0 = Release|Any CPU
	EndGlobalSection
	GlobalSection(SolutionProperties) = preSolution
		HideSolutionNode = FALSE
	EndGlobalSection
	GlobalSection(ExtensibilityGlobals) = postSolution
		SolutionGuid = {B3B5CEFB-D106-463B-BE32-127D62941460}
	EndGlobalSection
EndGlobal
